
Microsoft Visual Studio Solution File, Format Version 12.00
# Visual Studio 15
VisualStudioVersion = 15.0.27703.2018
MinimumVisualStudioVersion = 10.0.40219.1
Project("{FAE04EC0-301F-11D3-BF4B-00C04F79EFBC}") = "Desconcard.Boleto", "Desconcard.Boleto\Desconcard.Boleto.csproj", "{730FA5AB-EF84-43F9-B455-0C03A821F134}"
EndProject
Project("{FAE04EC0-301F-11D3-BF4B-00C04F79EFBC}") = "Desconcard.Web.MVC", "Desconcard.Web.MVC\Desconcard.Web.MVC.csproj", "{2423A2B5-C48D-4D25-A3AC-C714D91197C0}"
EndProject
Project("{FAE04EC0-301F-11D3-BF4B-00C04F79EFBC}") = "Desconcard.Geral", "Desconcard.Console.Geral\Desconcard.Geral.csproj", "{50D84B9D-A6CF-436E-A55E-B2AD8EE220DF}"
EndProject
Project("{FAE04EC0-301F-11D3-BF4B-00C04F79EFBC}") = "Desconcard.Data", "Desconcard.Data\Desconcard.Data.csproj", "{52DE21B4-C0D0-43C0-9466-9166B22BE8A1}"
EndProject
Project("{FAE04EC0-301F-11D3-BF4B-00C04F79EFBC}") = "Boleto2.Net", "boleto2net-master\Boleto2.Net\Boleto2.Net.csproj", "{F173E80B-E36B-48AD-B483-A27F8CA86F3C}"
EndProject
Project("{FAE04EC0-301F-11D3-BF4B-00C04F79EFBC}") = "Desconcard.Email", "Desconcard.Email\Desconcard.Email.csproj", "{35BB4A81-2911-4396-BFCA-412C774EF3FB}"
EndProject
Project("{FAE04EC0-301F-11D3-BF4B-00C04F79EFBC}") = "Desconcard.Encrypt", "Desconcard.Encrypt\Desconcard.Encrypt.csproj", "{958CC2CF-398E-45C8-9A4A-626B34B8E75B}"
EndProject
Global
	GlobalSection(SolutionConfigurationPlatforms) = preSolution
		Debug|Any CPU = Debug|Any CPU
		Debug|ARM = Debug|ARM
		Debug|x64 = Debug|x64
		Debug|x86 = Debug|x86
		Release|Any CPU = Release|Any CPU
		Release|ARM = Release|ARM
		Release|x64 = Release|x64
		Release|x86 = Release|x86
	EndGlobalSection
	GlobalSection(ProjectConfigurationPlatforms) = postSolution
		{730FA5AB-EF84-43F9-B455-0C03A821F134}.Debug|Any CPU.ActiveCfg = Debug|Any CPU
		{730FA5AB-EF84-43F9-B455-0C03A821F134}.Debug|Any CPU.Build.0 = Debug|Any CPU
		{730FA5AB-EF84-43F9-B455-0C03A821F134}.Debug|ARM.ActiveCfg = Debug|Any CPU
		{730FA5AB-EF84-43F9-B455-0C03A821F134}.Debug|ARM.Build.0 = Debug|Any CPU
		{730FA5AB-EF84-43F9-B455-0C03A821F134}.Debug|x64.ActiveCfg = Debug|Any CPU
		{730FA5AB-EF84-43F9-B455-0C03A821F134}.Debug|x64.Build.0 = Debug|Any CPU
		{730FA5AB-EF84-43F9-B455-0C03A821F134}.Debug|x86.ActiveCfg = Debug|Any CPU
		{730FA5AB-EF84-43F9-B455-0C03A821F134}.Debug|x86.Build.0 = Debug|Any CPU
		{730FA5AB-EF84-43F9-B455-0C03A821F134}.Release|Any CPU.ActiveCfg = Release|Any CPU
		{730FA5AB-EF84-43F9-B455-0C03A821F134}.Release|Any CPU.Build.0 = Release|Any CPU
		{730FA5AB-EF84-43F9-B455-0C03A821F134}.Release|ARM.ActiveCfg = Release|Any CPU
		{730FA5AB-EF84-43F9-B455-0C03A821F134}.Release|ARM.Build.0 = Release|Any CPU
		{730FA5AB-EF84-43F9-B455-0C03A821F134}.Release|x64.ActiveCfg = Release|Any CPU
		{730FA5AB-EF84-43F9-B455-0C03A821F134}.Release|x64.Build.0 = Release|Any CPU
		{730FA5AB-EF84-43F9-B455-0C03A821F134}.Release|x86.ActiveCfg = Release|Any CPU
		{730FA5AB-EF84-43F9-B455-0C03A821F134}.Release|x86.Build.0 = Release|Any CPU
		{2423A2B5-C48D-4D25-A3AC-C714D91197C0}.Debug|Any CPU.ActiveCfg = Debug|Any CPU
		{2423A2B5-C48D-4D25-A3AC-C714D91197C0}.Debug|Any CPU.Build.0 = Debug|Any CPU
		{2423A2B5-C48D-4D25-A3AC-C714D91197C0}.Debug|ARM.ActiveCfg = Debug|Any CPU
		{2423A2B5-C48D-4D25-A3AC-C714D91197C0}.Debug|ARM.Build.0 = Debug|Any CPU
		{2423A2B5-C48D-4D25-A3AC-C714D91197C0}.Debug|x64.ActiveCfg = Debug|Any CPU
		{2423A2B5-C48D-4D25-A3AC-C714D91197C0}.Debug|x64.Build.0 = Debug|Any CPU
		{2423A2B5-C48D-4D25-A3AC-C714D91197C0}.Debug|x86.ActiveCfg = Debug|Any CPU
		{2423A2B5-C48D-4D25-A3AC-C714D91197C0}.Debug|x86.Build.0 = Debug|Any CPU
		{2423A2B5-C48D-4D25-A3AC-C714D91197C0}.Release|Any CPU.ActiveCfg = Release|Any CPU
		{2423A2B5-C48D-4D25-A3AC-C714D91197C0}.Release|Any CPU.Build.0 = Release|Any CPU
		{2423A2B5-C48D-4D25-A3AC-C714D91197C0}.Release|ARM.ActiveCfg = Release|Any CPU
		{2423A2B5-C48D-4D25-A3AC-C714D91197C0}.Release|ARM.Build.0 = Release|Any CPU
		{2423A2B5-C48D-4D25-A3AC-C714D91197C0}.Release|x64.ActiveCfg = Release|Any CPU
		{2423A2B5-C48D-4D25-A3AC-C714D91197C0}.Release|x64.Build.0 = Release|Any CPU
		{2423A2B5-C48D-4D25-A3AC-C714D91197C0}.Release|x86.ActiveCfg = Release|Any CPU
		{2423A2B5-C48D-4D25-A3AC-C714D91197C0}.Release|x86.Build.0 = Release|Any CPU
		{50D84B9D-A6CF-436E-A55E-B2AD8EE220DF}.Debug|Any CPU.ActiveCfg = Debug|Any CPU
		{50D84B9D-A6CF-436E-A55E-B2AD8EE220DF}.Debug|Any CPU.Build.0 = Debug|Any CPU
		{50D84B9D-A6CF-436E-A55E-B2AD8EE220DF}.Debug|ARM.ActiveCfg = Debug|Any CPU
		{50D84B9D-A6CF-436E-A55E-B2AD8EE220DF}.Debug|ARM.Build.0 = Debug|Any CPU
		{50D84B9D-A6CF-436E-A55E-B2AD8EE220DF}.Debug|x64.ActiveCfg = Debug|Any CPU
		{50D84B9D-A6CF-436E-A55E-B2AD8EE220DF}.Debug|x64.Build.0 = Debug|Any CPU
		{50D84B9D-A6CF-436E-A55E-B2AD8EE220DF}.Debug|x86.ActiveCfg = Debug|Any CPU
		{50D84B9D-A6CF-436E-A55E-B2AD8EE220DF}.Debug|x86.Build.0 = Debug|Any CPU
		{50D84B9D-A6CF-436E-A55E-B2AD8EE220DF}.Release|Any CPU.ActiveCfg = Release|Any CPU
		{50D84B9D-A6CF-436E-A55E-B2AD8EE220DF}.Release|Any CPU.Build.0 = Release|Any CPU
		{50D84B9D-A6CF-436E-A55E-B2AD8EE220DF}.Release|ARM.ActiveCfg = Release|Any CPU
		{50D84B9D-A6CF-436E-A55E-B2AD8EE220DF}.Release|ARM.Build.0 = Release|Any CPU
		{50D84B9D-A6CF-436E-A55E-B2AD8EE220DF}.Release|x64.ActiveCfg = Release|Any CPU
		{50D84B9D-A6CF-436E-A55E-B2AD8EE220DF}.Release|x64.Build.0 = Release|Any CPU
		{50D84B9D-A6CF-436E-A55E-B2AD8EE220DF}.Release|x86.ActiveCfg = Release|Any CPU
		{50D84B9D-A6CF-436E-A55E-B2AD8EE220DF}.Release|x86.Build.0 = Release|Any CPU
		{52DE21B4-C0D0-43C0-9466-9166B22BE8A1}.Debug|Any CPU.ActiveCfg = Debug|Any CPU
		{52DE21B4-C0D0-43C0-9466-9166B22BE8A1}.Debug|Any CPU.Build.0 = Debug|Any CPU
		{52DE21B4-C0D0-43C0-9466-9166B22BE8A1}.Debug|ARM.ActiveCfg = Debug|Any CPU
		{52DE21B4-C0D0-43C0-9466-9166B22BE8A1}.Debug|ARM.Build.0 = Debug|Any CPU
		{52DE21B4-C0D0-43C0-9466-9166B22BE8A1}.Debug|x64.ActiveCfg = Debug|Any CPU
		{52DE21B4-C0D0-43C0-9466-9166B22BE8A1}.Debug|x64.Build.0 = Debug|Any CPU
		{52DE21B4-C0D0-43C0-9466-9166B22BE8A1}.Debug|x86.ActiveCfg = Debug|Any CPU
		{52DE21B4-C0D0-43C0-9466-9166B22BE8A1}.Debug|x86.Build.0 = Debug|Any CPU
		{52DE21B4-C0D0-43C0-9466-9166B22BE8A1}.Release|Any CPU.ActiveCfg = Release|Any CPU
		{52DE21B4-C0D0-43C0-9466-9166B22BE8A1}.Release|Any CPU.Build.0 = Release|Any CPU
		{52DE21B4-C0D0-43C0-9466-9166B22BE8A1}.Release|ARM.ActiveCfg = Release|Any CPU
		{52DE21B4-C0D0-43C0-9466-9166B22BE8A1}.Release|ARM.Build.0 = Release|Any CPU
		{52DE21B4-C0D0-43C0-9466-9166B22BE8A1}.Release|x64.ActiveCfg = Release|Any CPU
		{52DE21B4-C0D0-43C0-9466-9166B22BE8A1}.Release|x64.Build.0 = Release|Any CPU
		{52DE21B4-C0D0-43C0-9466-9166B22BE8A1}.Release|x86.ActiveCfg = Release|Any CPU
		{52DE21B4-C0D0-43C0-9466-9166B22BE8A1}.Release|x86.Build.0 = Release|Any CPU
		{F173E80B-E36B-48AD-B483-A27F8CA86F3C}.Debug|Any CPU.ActiveCfg = Debug|Any CPU
		{F173E80B-E36B-48AD-B483-A27F8CA86F3C}.Debug|Any CPU.Build.0 = Debug|Any CPU
		{F173E80B-E36B-48AD-B483-A27F8CA86F3C}.Debug|ARM.ActiveCfg = Debug|Any CPU
		{F173E80B-E36B-48AD-B483-A27F8CA86F3C}.Debug|ARM.Build.0 = Debug|Any CPU
		{F173E80B-E36B-48AD-B483-A27F8CA86F3C}.Debug|x64.ActiveCfg = Debug|Any CPU
		{F173E80B-E36B-48AD-B483-A27F8CA86F3C}.Debug|x64.Build.0 = Debug|Any CPU
		{F173E80B-E36B-48AD-B483-A27F8CA86F3C}.Debug|x86.ActiveCfg = Debug|Any CPU
		{F173E80B-E36B-48AD-B483-A27F8CA86F3C}.Debug|x86.Build.0 = Debug|Any CPU
		{F173E80B-E36B-48AD-B483-A27F8CA86F3C}.Release|Any CPU.ActiveCfg = Release|Any CPU
		{F173E80B-E36B-48AD-B483-A27F8CA86F3C}.Release|Any CPU.Build.0 = Release|Any CPU
		{F173E80B-E36B-48AD-B483-A27F8CA86F3C}.Release|ARM.ActiveCfg = Release|Any CPU
		{F173E80B-E36B-48AD-B483-A27F8CA86F3C}.Release|ARM.Build.0 = Release|Any CPU
		{F173E80B-E36B-48AD-B483-A27F8CA86F3C}.Release|x64.ActiveCfg = Release|Any CPU
		{F173E80B-E36B-48AD-B483-A27F8CA86F3C}.Release|x64.Build.0 = Release|Any CPU
		{F173E80B-E36B-48AD-B483-A27F8CA86F3C}.Release|x86.ActiveCfg = Release|Any CPU
		{F173E80B-E36B-48AD-B483-A27F8CA86F3C}.Release|x86.Build.0 = Release|Any CPU
		{35BB4A81-2911-4396-BFCA-412C774EF3FB}.Debug|Any CPU.ActiveCfg = Debug|Any CPU
		{35BB4A81-2911-4396-BFCA-412C774EF3FB}.Debug|Any CPU.Build.0 = Debug|Any CPU
		{35BB4A81-2911-4396-BFCA-412C774EF3FB}.Debug|ARM.ActiveCfg = Debug|Any CPU
		{35BB4A81-2911-4396-BFCA-412C774EF3FB}.Debug|ARM.Build.0 = Debug|Any CPU
		{35BB4A81-2911-4396-BFCA-412C774EF3FB}.Debug|x64.ActiveCfg = Debug|Any CPU
		{35BB4A81-2911-4396-BFCA-412C774EF3FB}.Debug|x64.Build.0 = Debug|Any CPU
		{35BB4A81-2911-4396-BFCA-412C774EF3FB}.Debug|x86.ActiveCfg = Debug|Any CPU
		{35BB4A81-2911-4396-BFCA-412C774EF3FB}.Debug|x86.Build.0 = Debug|Any CPU
		{35BB4A81-2911-4396-BFCA-412C774EF3FB}.Release|Any CPU.ActiveCfg = Release|Any CPU
		{35BB4A81-2911-4396-BFCA-412C774EF3FB}.Release|Any CPU.Build.0 = Release|Any CPU
		{35BB4A81-2911-4396-BFCA-412C774EF3FB}.Release|ARM.ActiveCfg = Release|Any CPU
		{35BB4A81-2911-4396-BFCA-412C774EF3FB}.Release|ARM.Build.0 = Release|Any CPU
		{35BB4A81-2911-4396-BFCA-412C774EF3FB}.Release|x64.ActiveCfg = Release|Any CPU
		{35BB4A81-2911-4396-BFCA-412C774EF3FB}.Release|x64.Build.0 = Release|Any CPU
		{35BB4A81-2911-4396-BFCA-412C774EF3FB}.Release|x86.ActiveCfg = Release|Any CPU
		{35BB4A81-2911-4396-BFCA-412C774EF3FB}.Release|x86.Build.0 = Release|Any CPU
		{958CC2CF-398E-45C8-9A4A-626B34B8E75B}.Debug|Any CPU.ActiveCfg = Debug|Any CPU
		{958CC2CF-398E-45C8-9A4A-626B34B8E75B}.Debug|Any CPU.Build.0 = Debug|Any CPU
		{958CC2CF-398E-45C8-9A4A-626B34B8E75B}.Debug|ARM.ActiveCfg = Debug|Any CPU
		{958CC2CF-398E-45C8-9A4A-626B34B8E75B}.Debug|ARM.Build.0 = Debug|Any CPU
		{958CC2CF-398E-45C8-9A4A-626B34B8E75B}.Debug|x64.ActiveCfg = Debug|Any CPU
		{958CC2CF-398E-45C8-9A4A-626B34B8E75B}.Debug|x64.Build.0 = Debug|Any CPU
		{958CC2CF-398E-45C8-9A4A-626B34B8E75B}.Debug|x86.ActiveCfg = Debug|Any CPU
		{958CC2CF-398E-45C8-9A4A-626B34B8E75B}.Debug|x86.Build.0 = Debug|Any CPU
		{958CC2CF-398E-45C8-9A4A-626B34B8E75B}.Release|Any CPU.ActiveCfg = Release|Any CPU
		{958CC2CF-398E-45C8-9A4A-626B34B8E75B}.Release|Any CPU.Build.0 = Release|Any CPU
		{958CC2CF-398E-45C8-9A4A-626B34B8E75B}.Release|ARM.ActiveCfg = Release|Any CPU
		{958CC2CF-398E-45C8-9A4A-626B34B8E75B}.Release|ARM.Build.0 = Release|Any CPU
		{958CC2CF-398E-45C8-9A4A-626B34B8E75B}.Release|x64.ActiveCfg = Release|Any CPU
		{958CC2CF-398E-45C8-9A4A-626B34B8E75B}.Release|x64.Build.0 = Release|Any CPU
		{958CC2CF-398E-45C8-9A4A-626B34B8E75B}.Release|x86.ActiveCfg = Release|Any CPU
		{958CC2CF-398E-45C8-9A4A-626B34B8E75B}.Release|x86.Build.0 = Release|Any CPU
	EndGlobalSection
	GlobalSection(SolutionProperties) = preSolution
		HideSolutionNode = FALSE
	EndGlobalSection
	GlobalSection(ExtensibilityGlobals) = postSolution
		SolutionGuid = {106129FF-8A89-47D6-824A-ADED2A6ACEE9}
	EndGlobalSection
EndGlobal
